
Microsoft Visual Studio Solution File, Format Version 12.00
# Visual Studio Version 16
VisualStudioVersion = 16.0.29025.244
MinimumVisualStudioVersion = 10.0.40219.1
Project("{FAE04EC0-301F-11D3-BF4B-00C04F79EFBC}") = "ReactReduxProducts", "ReactReduxProducts\ReactReduxProducts.csproj", "{A3A43B98-EC87-4A45-A357-59B632422C82}"
EndProject
Global
	GlobalSection(SolutionConfigurationPlatforms) = preSolution
		Debug|Any CPU = Debug|Any CPU
		Release|Any CPU = Release|Any CPU
	EndGlobalSection
	GlobalSection(ProjectConfigurationPlatforms) = postSolution
		{A3A43B98-EC87-4A45-A357-59B632422C82}.Debug|Any CPU.ActiveCfg = Debug|Any CPU
		{A3A43B98-EC87-4A45-A357-59B632422C82}.Debug|Any CPU.Build.0 = Debug|Any CPU
		{A3A43B98-EC87-4A45-A357-59B632422C82}.Release|Any CPU.ActiveCfg = Release|Any CPU
		{A3A43B98-EC87-4A45-A357-59B632422C82}.Release|Any CPU.Build.0 = Release|Any CPU
	EndGlobalSection
	GlobalSection(SolutionProperties) = preSolution
		HideSolutionNode = FALSE
	EndGlobalSection
	GlobalSection(ExtensibilityGlobals) = postSolution
		SolutionGuid = {ABF04C03-960E-4EC0-9951-01D59F029CA7}
	EndGlobalSection
EndGlobal
